// !$*UTF8*$!
{
	archiveVersion = 1;
	classes = {
	};
	objectVersion = 77;
	objects = {

/* Begin PBXBuildFile section */
		9005BD162E51184700611209 /* LiveKit in Frameworks */ = {isa = PBXBuildFile; productRef = 9005BD152E51184700611209 /* LiveKit */; };
		905EEF1E2E4686430073CC52 /* Auth in Frameworks */ = {isa = PBXBuildFile; productRef = 905EEF1D2E4686430073CC52 /* Auth */; };
		905EEF202E4686430073CC52 /* Functions in Frameworks */ = {isa = PBXBuildFile; productRef = 905EEF1F2E4686430073CC52 /* Functions */; };
		905EEF222E4686430073CC52 /* PostgREST in Frameworks */ = {isa = PBXBuildFile; productRef = 905EEF212E4686430073CC52 /* PostgREST */; };
		905EEF242E4686430073CC52 /* Realtime in Frameworks */ = {isa = PBXBuildFile; productRef = 905EEF232E4686430073CC52 /* Realtime */; };
		905EEF262E4686430073CC52 /* Storage in Frameworks */ = {isa = PBXBuildFile; productRef = 905EEF252E4686430073CC52 /* Storage */; };
		905EEF282E4686430073CC52 /* Supabase in Frameworks */ = {isa = PBXBuildFile; productRef = 905EEF272E4686430073CC52 /* Supabase */; };
		90F76CAF2E6F4D9600AD2FBF /* StoreKit.framework in Frameworks */ = {isa = PBXBuildFile; fileRef = 90F76CAE2E6F4D9600AD2FBF /* StoreKit.framework */; };
		A0B1C2D43E4F5A6B7C8D9E01 /* Lottie in Frameworks */ = {isa = PBXBuildFile; productRef = A0B1C2D53E4F5A6B7C8D9E02 /* Lottie */; };
/* End PBXBuildFile section */

/* Begin PBXContainerItemProxy section */
		905EEEF42E467EFB0073CC52 /* PBXContainerItemProxy */ = {
			isa = PBXContainerItemProxy;
			containerPortal = 905EEEDE2E467EFA0073CC52 /* Project object */;
			proxyType = 1;
			remoteGlobalIDString = 905EEEE52E467EFA0073CC52;
			remoteInfo = GiftersClub;
		};
		905EEEFE2E467EFB0073CC52 /* PBXContainerItemProxy */ = {
			isa = PBXContainerItemProxy;
			containerPortal = 905EEEDE2E467EFA0073CC52 /* Project object */;
			proxyType = 1;
			remoteGlobalIDString = 905EEEE52E467EFA0073CC52;
			remoteInfo = GiftersClub;
		};
/* End PBXContainerItemProxy section */

/* Begin PBXCopyFilesBuildPhase section */
		9005BD1A2E5119E900611209 /* Embed Frameworks */ = {
			isa = PBXCopyFilesBuildPhase;
			buildActionMask = 2147483647;
			dstPath = "";
			dstSubfolderSpec = 10;
			files = (
			);
			name = "Embed Frameworks";
			runOnlyForDeploymentPostprocessing = 0;
		};
/* End PBXCopyFilesBuildPhase section */

/* Begin PBXFileReference section */
		905EEEE62E467EFA0073CC52 /* GiftersClub.app */ = {isa = PBXFileReference; explicitFileType = wrapper.application; includeInIndex = 0; path = GiftersClub.app; sourceTree = BUILT_PRODUCTS_DIR; };
		905EEEF32E467EFB0073CC52 /* GiftersClubTests.xctest */ = {isa = PBXFileReference; explicitFileType = wrapper.cfbundle; includeInIndex = 0; path = GiftersClubTests.xctest; sourceTree = BUILT_PRODUCTS_DIR; };
		905EEEFD2E467EFB0073CC52 /* GiftersClubUITests.xctest */ = {isa = PBXFileReference; explicitFileType = wrapper.cfbundle; includeInIndex = 0; path = GiftersClubUITests.xctest; sourceTree = BUILT_PRODUCTS_DIR; };
		90F76CAE2E6F4D9600AD2FBF /* StoreKit.framework */ = {isa = PBXFileReference; lastKnownFileType = wrapper.framework; name = StoreKit.framework; path = System/Library/Frameworks/StoreKit.framework; sourceTree = SDKROOT; };
/* End PBXFileReference section */

/* Begin PBXFileSystemSynchronizedBuildFileExceptionSet section */
		90F76CB12E6F4E0600AD2FBF /* Exceptions for "GiftersClub" folder in "GiftersClub" target */ = {
			isa = PBXFileSystemSynchronizedBuildFileExceptionSet;
			membershipExceptions = (
				Info.plist,
				StoreKit/GiftersClub.storekit,
			);
			target = 905EEEE52E467EFA0073CC52 /* GiftersClub */;
		};
/* End PBXFileSystemSynchronizedBuildFileExceptionSet section */

/* Begin PBXFileSystemSynchronizedRootGroup section */
		905EEEE82E467EFA0073CC52 /* GiftersClub */ = {
			isa = PBXFileSystemSynchronizedRootGroup;
			exceptions = (
				90F76CB12E6F4E0600AD2FBF /* Exceptions for "GiftersClub" folder in "GiftersClub" target */,
			);
			path = GiftersClub;
			sourceTree = "<group>";
		};
		905EEEF62E467EFB0073CC52 /* GiftersClubTests */ = {
			isa = PBXFileSystemSynchronizedRootGroup;
			path = GiftersClubTests;
			sourceTree = "<group>";
		};
		905EEF002E467EFB0073CC52 /* GiftersClubUITests */ = {
			isa = PBXFileSystemSynchronizedRootGroup;
			path = GiftersClubUITests;
			sourceTree = "<group>";
		};
/* End PBXFileSystemSynchronizedRootGroup section */

/* Begin PBXFrameworksBuildPhase section */
		905EEEE32E467EFA0073CC52 /* Frameworks */ = {
			isa = PBXFrameworksBuildPhase;
			buildActionMask = 2147483647;
			files = (
				90F76CAF2E6F4D9600AD2FBF /* StoreKit.framework in Frameworks */,
				905EEF222E4686430073CC52 /* PostgREST in Frameworks */,
				905EEF202E4686430073CC52 /* Functions in Frameworks */,
				905EEF282E4686430073CC52 /* Supabase in Frameworks */,
				905EEF1E2E4686430073CC52 /* Auth in Frameworks */,
				905EEF262E4686430073CC52 /* Storage in Frameworks */,
				905EEF242E4686430073CC52 /* Realtime in Frameworks */,
				A0B1C2D43E4F5A6B7C8D9E01 /* Lottie in Frameworks */,
				9005BD162E51184700611209 /* LiveKit in Frameworks */,
			);
			runOnlyForDeploymentPostprocessing = 0;
		};
		905EEEF02E467EFB0073CC52 /* Frameworks */ = {
			isa = PBXFrameworksBuildPhase;
			buildActionMask = 2147483647;
			files = (
			);
			runOnlyForDeploymentPostprocessing = 0;
		};
		905EEEFA2E467EFB0073CC52 /* Frameworks */ = {
			isa = PBXFrameworksBuildPhase;
			buildActionMask = 2147483647;
			files = (
			);
			runOnlyForDeploymentPostprocessing = 0;
		};
/* End PBXFrameworksBuildPhase section */

/* Begin PBXGroup section */
		9005BD142E51184700611209 /* Frameworks */ = {
			isa = PBXGroup;
			children = (
				90F76CAE2E6F4D9600AD2FBF /* StoreKit.framework */,
			);
			name = Frameworks;
			sourceTree = "<group>";
		};
		905EEEDD2E467EFA0073CC52 = {
			isa = PBXGroup;
			children = (
				905EEEE82E467EFA0073CC52 /* GiftersClub */,
				905EEEF62E467EFB0073CC52 /* GiftersClubTests */,
				905EEF002E467EFB0073CC52 /* GiftersClubUITests */,
				9005BD142E51184700611209 /* Frameworks */,
				905EEEE72E467EFA0073CC52 /* Products */,
			);
			sourceTree = "<group>";
		};
		905EEEE72E467EFA0073CC52 /* Products */ = {
			isa = PBXGroup;
			children = (
				905EEEE62E467EFA0073CC52 /* GiftersClub.app */,
				905EEEF32E467EFB0073CC52 /* GiftersClubTests.xctest */,
				905EEEFD2E467EFB0073CC52 /* GiftersClubUITests.xctest */,
			);
			name = Products;
			sourceTree = "<group>";
		};
/* End PBXGroup section */

/* Begin PBXNativeTarget section */
		905EEEE52E467EFA0073CC52 /* GiftersClub */ = {
			isa = PBXNativeTarget;
			buildConfigurationList = 905EEF072E467EFB0073CC52 /* Build configuration list for PBXNativeTarget "GiftersClub" */;
			buildPhases = (
				905EEEE22E467EFA0073CC52 /* Sources */,
				905EEEE32E467EFA0073CC52 /* Frameworks */,
				905EEEE42E467EFA0073CC52 /* Resources */,
				9005BD1A2E5119E900611209 /* Embed Frameworks */,
			);
			buildRules = (
			);
			dependencies = (
			);
			fileSystemSynchronizedGroups = (
				905EEEE82E467EFA0073CC52 /* GiftersClub */,
			);
			name = GiftersClub;
			packageProductDependencies = (
				905EEF1D2E4686430073CC52 /* Auth */,
				905EEF1F2E4686430073CC52 /* Functions */,
				905EEF212E4686430073CC52 /* PostgREST */,
				905EEF232E4686430073CC52 /* Realtime */,
				905EEF252E4686430073CC52 /* Storage */,
				905EEF272E4686430073CC52 /* Supabase */,
				A0B1C2D53E4F5A6B7C8D9E02 /* Lottie */,
				9005BD152E51184700611209 /* LiveKit */,
			);
			productName = GiftersClub;
			productReference = 905EEEE62E467EFA0073CC52 /* GiftersClub.app */;
			productType = "com.apple.product-type.application";
		};
		905EEEF22E467EFB0073CC52 /* GiftersClubTests */ = {
			isa = PBXNativeTarget;
			buildConfigurationList = 905EEF0A2E467EFB0073CC52 /* Build configuration list for PBXNativeTarget "GiftersClubTests" */;
			buildPhases = (
				905EEEEF2E467EFB0073CC52 /* Sources */,
				905EEEF02E467EFB0073CC52 /* Frameworks */,
				905EEEF12E467EFB0073CC52 /* Resources */,
			);
			buildRules = (
			);
			dependencies = (
				905EEEF52E467EFB0073CC52 /* PBXTargetDependency */,
			);
			fileSystemSynchronizedGroups = (
				905EEEF62E467EFB0073CC52 /* GiftersClubTests */,
			);
			name = GiftersClubTests;
			productName = GiftersClubTests;
			productReference = 905EEEF32E467EFB0073CC52 /* GiftersClubTests.xctest */;
			productType = "com.apple.product-type.bundle.unit-test";
		};
		905EEEFC2E467EFB0073CC52 /* GiftersClubUITests */ = {
			isa = PBXNativeTarget;
			buildConfigurationList = 905EEF0D2E467EFB0073CC52 /* Build configuration list for PBXNativeTarget "GiftersClubUITests" */;
			buildPhases = (
				905EEEF92E467EFB0073CC52 /* Sources */,
				905EEEFA2E467EFB0073CC52 /* Frameworks */,
				905EEEFB2E467EFB0073CC52 /* Resources */,
			);
			buildRules = (
			);
			dependencies = (
				905EEEFF2E467EFB0073CC52 /* PBXTargetDependency */,
			);
			fileSystemSynchronizedGroups = (
				905EEF002E467EFB0073CC52 /* GiftersClubUITests */,
			);
			name = GiftersClubUITests;
			productName = GiftersClubUITests;
			productReference = 905EEEFD2E467EFB0073CC52 /* GiftersClubUITests.xctest */;
			productType = "com.apple.product-type.bundle.ui-testing";
		};
/* End PBXNativeTarget section */

/* Begin PBXProject section */
		905EEEDE2E467EFA0073CC52 /* Project object */ = {
			isa = PBXProject;
			attributes = {
				BuildIndependentTargetsInParallel = 1;
				LastSwiftUpdateCheck = 1640;
				LastUpgradeCheck = 1640;
				ORGANIZATIONNAME = "Gifters Club";
				TargetAttributes = {
					905EEEE52E467EFA0073CC52 = {
						CreatedOnToolsVersion = 16.4;
						SystemCapabilities = {
							com.apple.InAppPurchase = {
								enabled = 1;
							};
							com.apple.Push = {
								enabled = 1;
							};
							com.apple.SignInWithApple = {
								enabled = 1;
							};
						};
					};
					905EEEF22E467EFB0073CC52 = {
						CreatedOnToolsVersion = 16.4;
						TestTargetID = 905EEEE52E467EFA0073CC52;
					};
					905EEEFC2E467EFB0073CC52 = {
						CreatedOnToolsVersion = 16.4;
						TestTargetID = 905EEEE52E467EFA0073CC52;
					};
				};
			};
			buildConfigurationList = 905EEEE12E467EFA0073CC52 /* Build configuration list for PBXProject "GiftersClub" */;
			developmentRegion = en;
			hasScannedForEncodings = 0;
			knownRegions = (
				en,
				Base,
			);
			mainGroup = 905EEEDD2E467EFA0073CC52;
			minimizedProjectReferenceProxies = 1;
			packageReferences = (
				905EEF1C2E4686430073CC52 /* XCRemoteSwiftPackageReference "supabase-swift" */,
				A0B1C2D33E4F5A6B7C8D9E00 /* XCRemoteSwiftPackageReference "lottie-ios" */,
				9005BC1B2E5113FE00611209 /* XCRemoteSwiftPackageReference "client-sdk-ios" */,
			);
			preferredProjectObjectVersion = 77;
			productRefGroup = 905EEEE72E467EFA0073CC52 /* Products */;
			projectDirPath = "";
			projectRoot = "";
			targets = (
				905EEEE52E467EFA0073CC52 /* GiftersClub */,
				905EEEF22E467EFB0073CC52 /* GiftersClubTests */,
				905EEEFC2E467EFB0073CC52 /* GiftersClubUITests */,
			);
		};
/* End PBXProject section */

/* Begin PBXResourcesBuildPhase section */
		905EEEE42E467EFA0073CC52 /* Resources */ = {
			isa = PBXResourcesBuildPhase;
			buildActionMask = 2147483647;
			files = (
			);
			runOnlyForDeploymentPostprocessing = 0;
		};
		905EEEF12E467EFB0073CC52 /* Resources */ = {
			isa = PBXResourcesBuildPhase;
			buildActionMask = 2147483647;
			files = (
			);
			runOnlyForDeploymentPostprocessing = 0;
		};
		905EEEFB2E467EFB0073CC52 /* Resources */ = {
			isa = PBXResourcesBuildPhase;
			buildActionMask = 2147483647;
			files = (
			);
			runOnlyForDeploymentPostprocessing = 0;
		};
/* End PBXResourcesBuildPhase section */

/* Begin PBXSourcesBuildPhase section */
		905EEEE22E467EFA0073CC52 /* Sources */ = {
			isa = PBXSourcesBuildPhase;
			buildActionMask = 2147483647;
			files = (
			);
			runOnlyForDeploymentPostprocessing = 0;
		};
		905EEEEF2E467EFB0073CC52 /* Sources */ = {
			isa = PBXSourcesBuildPhase;
			buildActionMask = 2147483647;
			files = (
			);
			runOnlyForDeploymentPostprocessing = 0;
		};
		905EEEF92E467EFB0073CC52 /* Sources */ = {
			isa = PBXSourcesBuildPhase;
			buildActionMask = 2147483647;
			files = (
			);
			runOnlyForDeploymentPostprocessing = 0;
		};
/* End PBXSourcesBuildPhase section */

/* Begin PBXTargetDependency section */
		905EEEF52E467EFB0073CC52 /* PBXTargetDependency */ = {
			isa = PBXTargetDependency;
			target = 905EEEE52E467EFA0073CC52 /* GiftersClub */;
			targetProxy = 905EEEF42E467EFB0073CC52 /* PBXContainerItemProxy */;
		};
		905EEEFF2E467EFB0073CC52 /* PBXTargetDependency */ = {
			isa = PBXTargetDependency;
			target = 905EEEE52E467EFA0073CC52 /* GiftersClub */;
			targetProxy = 905EEEFE2E467EFB0073CC52 /* PBXContainerItemProxy */;
		};
/* End PBXTargetDependency section */

/* Begin XCBuildConfiguration section */
		905EEF052E467EFB0073CC52 /* Debug */ = {
			isa = XCBuildConfiguration;
			buildSettings = {
				ALWAYS_SEARCH_USER_PATHS = NO;
				ASSETCATALOG_COMPILER_GENERATE_SWIFT_ASSET_SYMBOL_EXTENSIONS = YES;
				CLANG_ANALYZER_NONNULL = YES;
				CLANG_ANALYZER_NUMBER_OBJECT_CONVERSION = YES_AGGRESSIVE;
				CLANG_CXX_LANGUAGE_STANDARD = "gnu++20";
				CLANG_ENABLE_MODULES = YES;
				CLANG_ENABLE_OBJC_ARC = YES;
				CLANG_ENABLE_OBJC_WEAK = YES;
				CLANG_WARN_BLOCK_CAPTURE_AUTORELEASING = YES;
				CLANG_WARN_BOOL_CONVERSION = YES;
				CLANG_WARN_COMMA = YES;
				CLANG_WARN_CONSTANT_CONVERSION = YES;
				CLANG_WARN_DEPRECATED_OBJC_IMPLEMENTATIONS = YES;
				CLANG_WARN_DIRECT_OBJC_ISA_USAGE = YES_ERROR;
				CLANG_WARN_DOCUMENTATION_COMMENTS = YES;
				CLANG_WARN_EMPTY_BODY = YES;
				CLANG_WARN_ENUM_CONVERSION = YES;
				CLANG_WARN_INFINITE_RECURSION = YES;
				CLANG_WARN_INT_CONVERSION = YES;
				CLANG_WARN_NON_LITERAL_NULL_CONVERSION = YES;
				CLANG_WARN_OBJC_IMPLICIT_RETAIN_SELF = YES;
				CLANG_WARN_OBJC_LITERAL_CONVERSION = YES;
				CLANG_WARN_OBJC_ROOT_CLASS = YES_ERROR;
				CLANG_WARN_QUOTED_INCLUDE_IN_FRAMEWORK_HEADER = YES;
				CLANG_WARN_RANGE_LOOP_ANALYSIS = YES;
				CLANG_WARN_STRICT_PROTOTYPES = YES;
				CLANG_WARN_SUSPICIOUS_MOVE = YES;
				CLANG_WARN_UNGUARDED_AVAILABILITY = YES_AGGRESSIVE;
				CLANG_WARN_UNREACHABLE_CODE = YES;
				CLANG_WARN__DUPLICATE_METHOD_MATCH = YES;
				COPY_PHASE_STRIP = NO;
				DEBUG_INFORMATION_FORMAT = dwarf;
				ENABLE_STRICT_OBJC_MSGSEND = YES;
				ENABLE_TESTABILITY = YES;
				ENABLE_USER_SCRIPT_SANDBOXING = YES;
				GCC_C_LANGUAGE_STANDARD = gnu17;
				GCC_DYNAMIC_NO_PIC = NO;
				GCC_NO_COMMON_BLOCKS = YES;
				GCC_OPTIMIZATION_LEVEL = 0;
				GCC_PREPROCESSOR_DEFINITIONS = (
					"DEBUG=1",
					"$(inherited)",
				);
				GCC_WARN_64_TO_32_BIT_CONVERSION = YES;
				GCC_WARN_ABOUT_RETURN_TYPE = YES_ERROR;
				GCC_WARN_UNDECLARED_SELECTOR = YES;
				GCC_WARN_UNINITIALIZED_AUTOS = YES_AGGRESSIVE;
				GCC_WARN_UNUSED_FUNCTION = YES;
				GCC_WARN_UNUSED_VARIABLE = YES;
				IPHONEOS_DEPLOYMENT_TARGET = 16.0;
				LOCALIZATION_PREFERS_STRING_CATALOGS = YES;
				MTL_ENABLE_DEBUG_INFO = INCLUDE_SOURCE;
				MTL_FAST_MATH = YES;
				ONLY_ACTIVE_ARCH = YES;
				SDKROOT = iphoneos;
				SWIFT_ACTIVE_COMPILATION_CONDITIONS = "DEBUG $(inherited)";
				SWIFT_OPTIMIZATION_LEVEL = "-Onone";
			};
			name = Debug;
		};
		905EEF062E467EFB0073CC52 /* Release */ = {
			isa = XCBuildConfiguration;
			buildSettings = {
				ALWAYS_SEARCH_USER_PATHS = NO;
				ASSETCATALOG_COMPILER_GENERATE_SWIFT_ASSET_SYMBOL_EXTENSIONS = YES;
				CLANG_ANALYZER_NONNULL = YES;
				CLANG_ANALYZER_NUMBER_OBJECT_CONVERSION = YES_AGGRESSIVE;
				CLANG_CXX_LANGUAGE_STANDARD = "gnu++20";
				CLANG_ENABLE_MODULES = YES;
				CLANG_ENABLE_OBJC_ARC = YES;
				CLANG_ENABLE_OBJC_WEAK = YES;
				CLANG_WARN_BLOCK_CAPTURE_AUTORELEASING = YES;
				CLANG_WARN_BOOL_CONVERSION = YES;
				CLANG_WARN_COMMA = YES;
				CLANG_WARN_CONSTANT_CONVERSION = YES;
				CLANG_WARN_DEPRECATED_OBJC_IMPLEMENTATIONS = YES;
				CLANG_WARN_DIRECT_OBJC_ISA_USAGE = YES_ERROR;
				CLANG_WARN_DOCUMENTATION_COMMENTS = YES;
				CLANG_WARN_EMPTY_BODY = YES;
				CLANG_WARN_ENUM_CONVERSION = YES;
				CLANG_WARN_INFINITE_RECURSION = YES;
				CLANG_WARN_INT_CONVERSION = YES;
				CLANG_WARN_NON_LITERAL_NULL_CONVERSION = YES;
				CLANG_WARN_OBJC_IMPLICIT_RETAIN_SELF = YES;
				CLANG_WARN_OBJC_LITERAL_CONVERSION = YES;
				CLANG_WARN_OBJC_ROOT_CLASS = YES_ERROR;
				CLANG_WARN_QUOTED_INCLUDE_IN_FRAMEWORK_HEADER = YES;
				CLANG_WARN_RANGE_LOOP_ANALYSIS = YES;
				CLANG_WARN_STRICT_PROTOTYPES = YES;
				CLANG_WARN_SUSPICIOUS_MOVE = YES;
				CLANG_WARN_UNGUARDED_AVAILABILITY = YES_AGGRESSIVE;
				CLANG_WARN_UNREACHABLE_CODE = YES;
				CLANG_WARN__DUPLICATE_METHOD_MATCH = YES;
				COPY_PHASE_STRIP = NO;
				DEBUG_INFORMATION_FORMAT = "dwarf-with-dsym";
				ENABLE_NS_ASSERTIONS = NO;
				ENABLE_STRICT_OBJC_MSGSEND = YES;
				ENABLE_USER_SCRIPT_SANDBOXING = YES;
				GCC_C_LANGUAGE_STANDARD = gnu17;
				GCC_NO_COMMON_BLOCKS = YES;
				GCC_WARN_64_TO_32_BIT_CONVERSION = YES;
				GCC_WARN_ABOUT_RETURN_TYPE = YES_ERROR;
				GCC_WARN_UNDECLARED_SELECTOR = YES;
				GCC_WARN_UNINITIALIZED_AUTOS = YES_AGGRESSIVE;
				GCC_WARN_UNUSED_FUNCTION = YES;
				GCC_WARN_UNUSED_VARIABLE = YES;
				IPHONEOS_DEPLOYMENT_TARGET = 16.0;
				LOCALIZATION_PREFERS_STRING_CATALOGS = YES;
				MTL_ENABLE_DEBUG_INFO = NO;
				MTL_FAST_MATH = YES;
				SDKROOT = iphoneos;
				SWIFT_COMPILATION_MODE = wholemodule;
				VALIDATE_PRODUCT = YES;
			};
			name = Release;
		};
		905EEF082E467EFB0073CC52 /* Debug */ = {
			isa = XCBuildConfiguration;
			buildSettings = {
				ASSETCATALOG_COMPILER_APPICON_NAME = AppIcon;
				"ASSETCATALOG_COMPILER_APPICON_NAME[sdk=iphoneos*]" = AppIcon;
				ASSETCATALOG_COMPILER_GLOBAL_ACCENT_COLOR_NAME = AccentColor;
				ASSETCATALOG_COMPILER_INCLUDE_ALL_APPICON_ASSETS = NO;
				CODE_SIGN_IDENTITY = "Apple Development";
				CODE_SIGN_STYLE = Automatic;
				CURRENT_PROJECT_VERSION = 9;
				DEVELOPMENT_TEAM = SAZBQ79X56;
				ENABLE_PREVIEWS = YES;
				GENERATE_INFOPLIST_FILE = YES;
				INFOPLIST_FILE = GiftersClub/Info.plist;
				INFOPLIST_KEY_CFBundleDisplayName = "Gifters Club";
				INFOPLIST_KEY_CFBundleURLTypes = "{\n    CFBundleURLSchemes =     (\n        gifterclub\n    );\n}";
				INFOPLIST_KEY_LSApplicationCategoryType = "public.app-category.social-networking";
				INFOPLIST_KEY_NSCameraUsageDescription = "Camera is used for livestreams and for capturing photos/videos for your posts.";
				INFOPLIST_KEY_NSMicrophoneUsageDescription = "Microphone is used for recording audio in live streams and when capturing video posts.";
				INFOPLIST_KEY_NSPhotoLibraryAddUsageDescription = "We save captured photos or videos to your library if you choose to.";
				INFOPLIST_KEY_NSPhotoLibraryUsageDescription = "We need access to your photo library to select photos and videos for posts.";
				INFOPLIST_KEY_UIApplicationSceneManifest_Generation = YES;
				INFOPLIST_KEY_UIApplicationSupportsIndirectInputEvents = YES;
				INFOPLIST_KEY_UILaunchScreen_Generation = YES;
				INFOPLIST_KEY_UIStatusBarStyle = "";
				INFOPLIST_KEY_UISupportedInterfaceOrientations = "UIInterfaceOrientationLandscapeLeft UIInterfaceOrientationLandscapeRight UIInterfaceOrientationPortrait UIInterfaceOrientationPortraitUpsideDown";
				LD_RUNPATH_SEARCH_PATHS = (
					"$(inherited)",
					"@executable_path/Frameworks",
				);
				MARKETING_VERSION = 1.0.9;
				PRODUCT_BUNDLE_IDENTIFIER = club.gifters.giftersclub.GiftersClub;
				PRODUCT_NAME = "$(TARGET_NAME)";
				PROVISIONING_PROFILE_SPECIFIER = "";
				SWIFT_EMIT_LOC_STRINGS = YES;
				SWIFT_VERSION = 5.0;
				TARGETED_DEVICE_FAMILY = 1;
			};
			name = Debug;
		};
		905EEF092E467EFB0073CC52 /* Release */ = {
			isa = XCBuildConfiguration;
			buildSettings = {
				ASSETCATALOG_COMPILER_APPICON_NAME = AppIcon;
				"ASSETCATALOG_COMPILER_APPICON_NAME[sdk=iphoneos*]" = AppIcon;
				ASSETCATALOG_COMPILER_GLOBAL_ACCENT_COLOR_NAME = AccentColor;
				ASSETCATALOG_COMPILER_INCLUDE_ALL_APPICON_ASSETS = NO;
				CODE_SIGN_ENTITLEMENTS = GiftersClub/GiftersClubRelease.entitlements;
				CODE_SIGN_IDENTITY = "Apple Development";
				CODE_SIGN_STYLE = Automatic;
				CURRENT_PROJECT_VERSION = 9;
				DEBUG_INFORMATION_FORMAT = "dwarf-with-dsym";
				DEVELOPMENT_TEAM = SAZBQ79X56;
				ENABLE_PREVIEWS = YES;
				GENERATE_INFOPLIST_FILE = YES;
				INFOPLIST_FILE = GiftersClub/Info.plist;
				INFOPLIST_KEY_CFBundleDisplayName = "Gifters Club";
				INFOPLIST_KEY_CFBundleURLTypes = "{\n    CFBundleURLSchemes =     (\n        gifterclub\n    );\n}";
				INFOPLIST_KEY_LSApplicationCategoryType = "public.app-category.social-networking";
				INFOPLIST_KEY_NSCameraUsageDescription = "Camera is used for livestreams and for capturing photos/videos for your posts.";
				INFOPLIST_KEY_NSMicrophoneUsageDescription = "Microphone is used for recording audio in live streams and when capturing video posts.";
				INFOPLIST_KEY_NSPhotoLibraryAddUsageDescription = "We save captured photos or videos to your library if you choose to.";
				INFOPLIST_KEY_NSPhotoLibraryUsageDescription = "We need access to your photo library to select photos and videos for posts.";
				INFOPLIST_KEY_UIApplicationSceneManifest_Generation = YES;
				INFOPLIST_KEY_UIApplicationSupportsIndirectInputEvents = YES;
				INFOPLIST_KEY_UILaunchScreen_Generation = YES;
				INFOPLIST_KEY_UIStatusBarStyle = "";
				INFOPLIST_KEY_UISupportedInterfaceOrientations = "UIInterfaceOrientationLandscapeLeft UIInterfaceOrientationLandscapeRight UIInterfaceOrientationPortrait UIInterfaceOrientationPortraitUpsideDown";
				LD_RUNPATH_SEARCH_PATHS = (
					"$(inherited)",
					"@executable_path/Frameworks",
				);
				MARKETING_VERSION = 1.0.9;
				ONLY_ACTIVE_ARCH = NO;
				PRODUCT_BUNDLE_IDENTIFIER = club.gifters.giftersclub.GiftersClub;
				PRODUCT_NAME = "$(TARGET_NAME)";
				PROVISIONING_PROFILE_SPECIFIER = "";
				SWIFT_EMIT_LOC_STRINGS = YES;
				SWIFT_VERSION = 5.0;
				TARGETED_DEVICE_FAMILY = 1;
			};
			name = Release;
		};
		905EEF0B2E467EFB0073CC52 /* Debug */ = {
			isa = XCBuildConfiguration;
			buildSettings = {
				BUNDLE_LOADER = "$(TEST_HOST)";
				CODE_SIGN_STYLE = Automatic;
				CURRENT_PROJECT_VERSION = 1;
				GENERATE_INFOPLIST_FILE = YES;
				IPHONEOS_DEPLOYMENT_TARGET = 16.0;
				MARKETING_VERSION = 1.0;
				PRODUCT_BUNDLE_IDENTIFIER = club.gifters.giftersclub.GiftersClubTests;
				PRODUCT_NAME = "$(TARGET_NAME)";
				SWIFT_EMIT_LOC_STRINGS = NO;
				SWIFT_VERSION = 5.0;
				TARGETED_DEVICE_FAMILY = "1,2";
				TEST_HOST = "$(BUILT_PRODUCTS_DIR)/GiftersClub.app/$(BUNDLE_EXECUTABLE_FOLDER_PATH)/GiftersClub";
			};
			name = Debug;
		};
		905EEF0C2E467EFB0073CC52 /* Release */ = {
			isa = XCBuildConfiguration;
			buildSettings = {
				BUNDLE_LOADER = "$(TEST_HOST)";
				CODE_SIGN_STYLE = Automatic;
				CURRENT_PROJECT_VERSION = 1;
				GENERATE_INFOPLIST_FILE = YES;
				IPHONEOS_DEPLOYMENT_TARGET = 16.0;
				MARKETING_VERSION = 1.0;
				PRODUCT_BUNDLE_IDENTIFIER = club.gifters.giftersclub.GiftersClubTests;
				PRODUCT_NAME = "$(TARGET_NAME)";
				SWIFT_EMIT_LOC_STRINGS = NO;
				SWIFT_VERSION = 5.0;
				TARGETED_DEVICE_FAMILY = "1,2";
				TEST_HOST = "$(BUILT_PRODUCTS_DIR)/GiftersClub.app/$(BUNDLE_EXECUTABLE_FOLDER_PATH)/GiftersClub";
			};
			name = Release;
		};
		905EEF0E2E467EFB0073CC52 /* Debug */ = {
			isa = XCBuildConfiguration;
			buildSettings = {
				CODE_SIGN_STYLE = Automatic;
				CURRENT_PROJECT_VERSION = 1;
				GENERATE_INFOPLIST_FILE = YES;
				MARKETING_VERSION = 1.0;
				PRODUCT_BUNDLE_IDENTIFIER = club.gifters.giftersclub.GiftersClubUITests;
				PRODUCT_NAME = "$(TARGET_NAME)";
				SWIFT_EMIT_LOC_STRINGS = NO;
				SWIFT_VERSION = 5.0;
				TARGETED_DEVICE_FAMILY = "1,2";
				TEST_TARGET_NAME = GiftersClub;
			};
			name = Debug;
		};
		905EEF0F2E467EFB0073CC52 /* Release */ = {
			isa = XCBuildConfiguration;
			buildSettings = {
				CODE_SIGN_STYLE = Automatic;
				CURRENT_PROJECT_VERSION = 1;
				GENERATE_INFOPLIST_FILE = YES;
				MARKETING_VERSION = 1.0;
				PRODUCT_BUNDLE_IDENTIFIER = club.gifters.giftersclub.GiftersClubUITests;
				PRODUCT_NAME = "$(TARGET_NAME)";
				SWIFT_EMIT_LOC_STRINGS = NO;
				SWIFT_VERSION = 5.0;
				TARGETED_DEVICE_FAMILY = "1,2";
				TEST_TARGET_NAME = GiftersClub;
			};
			name = Release;
		};
/* End XCBuildConfiguration section */

/* Begin XCConfigurationList section */
		905EEEE12E467EFA0073CC52 /* Build configuration list for PBXProject "GiftersClub" */ = {
			isa = XCConfigurationList;
			buildConfigurations = (
				905EEF052E467EFB0073CC52 /* Debug */,
				905EEF062E467EFB0073CC52 /* Release */,
			);
			defaultConfigurationIsVisible = 0;
			defaultConfigurationName = Release;
		};
		905EEF072E467EFB0073CC52 /* Build configuration list for PBXNativeTarget "GiftersClub" */ = {
			isa = XCConfigurationList;
			buildConfigurations = (
				905EEF082E467EFB0073CC52 /* Debug */,
				905EEF092E467EFB0073CC52 /* Release */,
			);
			defaultConfigurationIsVisible = 0;
			defaultConfigurationName = Release;
		};
		905EEF0A2E467EFB0073CC52 /* Build configuration list for PBXNativeTarget "GiftersClubTests" */ = {
			isa = XCConfigurationList;
			buildConfigurations = (
				905EEF0B2E467EFB0073CC52 /* Debug */,
				905EEF0C2E467EFB0073CC52 /* Release */,
			);
			defaultConfigurationIsVisible = 0;
			defaultConfigurationName = Release;
		};
		905EEF0D2E467EFB0073CC52 /* Build configuration list for PBXNativeTarget "GiftersClubUITests" */ = {
			isa = XCConfigurationList;
			buildConfigurations = (
				905EEF0E2E467EFB0073CC52 /* Debug */,
				905EEF0F2E467EFB0073CC52 /* Release */,
			);
			defaultConfigurationIsVisible = 0;
			defaultConfigurationName = Release;
		};
/* End XCConfigurationList section */

/* Begin XCRemoteSwiftPackageReference section */
		9005BC1B2E5113FE00611209 /* XCRemoteSwiftPackageReference "client-sdk-ios" */ = {
			isa = XCRemoteSwiftPackageReference;
			repositoryURL = "https://github.com/livekit/client-sdk-ios";
			requirement = {
				kind = upToNextMajorVersion;
				minimumVersion = 2.6.1;
			};
		};
		905EEF1C2E4686430073CC52 /* XCRemoteSwiftPackageReference "supabase-swift" */ = {
			isa = XCRemoteSwiftPackageReference;
			repositoryURL = "https://github.com/supabase-community/supabase-swift";
			requirement = {
				kind = upToNextMajorVersion;
				minimumVersion = 2.5.1;
			};
		};
		A0B1C2D33E4F5A6B7C8D9E00 /* XCRemoteSwiftPackageReference "lottie-ios" */ = {
			isa = XCRemoteSwiftPackageReference;
			repositoryURL = "https://github.com/airbnb/lottie-ios";
			requirement = {
				kind = upToNextMajorVersion;
				minimumVersion = 4.3.0;
			};
		};
/* End XCRemoteSwiftPackageReference section */

/* Begin XCSwiftPackageProductDependency section */
		9005BD152E51184700611209 /* LiveKit */ = {
			isa = XCSwiftPackageProductDependency;
			package = 9005BC1B2E5113FE00611209 /* XCRemoteSwiftPackageReference "client-sdk-ios" */;
			productName = LiveKit;
		};
		905EEF1D2E4686430073CC52 /* Auth */ = {
			isa = XCSwiftPackageProductDependency;
			package = 905EEF1C2E4686430073CC52 /* XCRemoteSwiftPackageReference "supabase-swift" */;
			productName = Auth;
		};
		905EEF1F2E4686430073CC52 /* Functions */ = {
			isa = XCSwiftPackageProductDependency;
			package = 905EEF1C2E4686430073CC52 /* XCRemoteSwiftPackageReference "supabase-swift" */;
			productName = Functions;
		};
		905EEF212E4686430073CC52 /* PostgREST */ = {
			isa = XCSwiftPackageProductDependency;
			package = 905EEF1C2E4686430073CC52 /* XCRemoteSwiftPackageReference "supabase-swift" */;
			productName = PostgREST;
		};
		905EEF232E4686430073CC52 /* Realtime */ = {
			isa = XCSwiftPackageProductDependency;
			package = 905EEF1C2E4686430073CC52 /* XCRemoteSwiftPackageReference "supabase-swift" */;
			productName = Realtime;
		};
		905EEF252E4686430073CC52 /* Storage */ = {
			isa = XCSwiftPackageProductDependency;
			package = 905EEF1C2E4686430073CC52 /* XCRemoteSwiftPackageReference "supabase-swift" */;
			productName = Storage;
		};
		905EEF272E4686430073CC52 /* Supabase */ = {
			isa = XCSwiftPackageProductDependency;
			package = 905EEF1C2E4686430073CC52 /* XCRemoteSwiftPackageReference "supabase-swift" */;
			productName = Supabase;
		};
		A0B1C2D53E4F5A6B7C8D9E02 /* Lottie */ = {
			isa = XCSwiftPackageProductDependency;
			package = A0B1C2D33E4F5A6B7C8D9E00 /* XCRemoteSwiftPackageReference "lottie-ios" */;
			productName = Lottie;
		};
/* End XCSwiftPackageProductDependency section */
	};
	rootObject = 905EEEDE2E467EFA0073CC52 /* Project object */;
}
