// !$*UTF8*$!
{
	archiveVersion = 1;
	classes = {
	};
	objectVersion = 77;
	objects = {

/* Begin PBXBuildFile section */
		473F9798E44285E28093982B /* Pods_GiftersClubUITests.framework in Frameworks */ = {isa = PBXBuildFile; fileRef = 93698F4F6A9CD5BD3903BC18 /* Pods_GiftersClubUITests.framework */; };
		905EEF1E2E4686430073CC52 /* Auth in Frameworks */ = {isa = PBXBuildFile; productRef = 905EEF1D2E4686430073CC52 /* Auth */; };
		905EEF202E4686430073CC52 /* Functions in Frameworks */ = {isa = PBXBuildFile; productRef = 905EEF1F2E4686430073CC52 /* Functions */; };
		905EEF222E4686430073CC52 /* PostgREST in Frameworks */ = {isa = PBXBuildFile; productRef = 905EEF212E4686430073CC52 /* PostgREST */; };
		905EEF242E4686430073CC52 /* Realtime in Frameworks */ = {isa = PBXBuildFile; productRef = 905EEF232E4686430073CC52 /* Realtime */; };
		905EEF262E4686430073CC52 /* Storage in Frameworks */ = {isa = PBXBuildFile; productRef = 905EEF252E4686430073CC52 /* Storage */; };
		905EEF282E4686430073CC52 /* Supabase in Frameworks */ = {isa = PBXBuildFile; productRef = 905EEF272E4686430073CC52 /* Supabase */; };
		B925AFE8679D6B59B9C8C1D3 /* Pods_GiftersClub.framework in Frameworks */ = {isa = PBXBuildFile; fileRef = 8F7A25D702BADCD3EDEBDFC7 /* Pods_GiftersClub.framework */; };
		F727509B41C7F2E9C873367A /* Pods_GiftersClubTests.framework in Frameworks */ = {isa = PBXBuildFile; fileRef = CEA8D430E4396FFE22FD3CBE /* Pods_GiftersClubTests.framework */; };
/* End PBXBuildFile section */

/* Begin PBXContainerItemProxy section */
		905EEEF42E467EFB0073CC52 /* PBXContainerItemProxy */ = {
			isa = PBXContainerItemProxy;
			containerPortal = 905EEEDE2E467EFA0073CC52 /* Project object */;
			proxyType = 1;
			remoteGlobalIDString = 905EEEE52E467EFA0073CC52;
			remoteInfo = GiftersClub;
		};
		905EEEFE2E467EFB0073CC52 /* PBXContainerItemProxy */ = {
			isa = PBXContainerItemProxy;
			containerPortal = 905EEEDE2E467EFA0073CC52 /* Project object */;
			proxyType = 1;
			remoteGlobalIDString = 905EEEE52E467EFA0073CC52;
			remoteInfo = GiftersClub;
		};
/* End PBXContainerItemProxy section */

/* Begin PBXFileReference section */
		0261B6213CFC3F9E7EAEA2AF /* Pods-GiftersClubUITests.release.xcconfig */ = {isa = PBXFileReference; includeInIndex = 1; lastKnownFileType = text.xcconfig; name = "Pods-GiftersClubUITests.release.xcconfig"; path = "Target Support Files/Pods-GiftersClubUITests/Pods-GiftersClubUITests.release.xcconfig"; sourceTree = "<group>"; };
		6420BEE5584E297E1ECA9555 /* Pods-GiftersClubUITests.debug.xcconfig */ = {isa = PBXFileReference; includeInIndex = 1; lastKnownFileType = text.xcconfig; name = "Pods-GiftersClubUITests.debug.xcconfig"; path = "Target Support Files/Pods-GiftersClubUITests/Pods-GiftersClubUITests.debug.xcconfig"; sourceTree = "<group>"; };
		831CD1463D033689A2BA8BF6 /* Pods-GiftersClubTests.debug.xcconfig */ = {isa = PBXFileReference; includeInIndex = 1; lastKnownFileType = text.xcconfig; name = "Pods-GiftersClubTests.debug.xcconfig"; path = "Target Support Files/Pods-GiftersClubTests/Pods-GiftersClubTests.debug.xcconfig"; sourceTree = "<group>"; };
		8F7A25D702BADCD3EDEBDFC7 /* Pods_GiftersClub.framework */ = {isa = PBXFileReference; explicitFileType = wrapper.framework; includeInIndex = 0; path = Pods_GiftersClub.framework; sourceTree = BUILT_PRODUCTS_DIR; };
		905EEEE62E467EFA0073CC52 /* GiftersClub.app */ = {isa = PBXFileReference; explicitFileType = wrapper.application; includeInIndex = 0; path = GiftersClub.app; sourceTree = BUILT_PRODUCTS_DIR; };
		905EEEF32E467EFB0073CC52 /* GiftersClubTests.xctest */ = {isa = PBXFileReference; explicitFileType = wrapper.cfbundle; includeInIndex = 0; path = GiftersClubTests.xctest; sourceTree = BUILT_PRODUCTS_DIR; };
		905EEEFD2E467EFB0073CC52 /* GiftersClubUITests.xctest */ = {isa = PBXFileReference; explicitFileType = wrapper.cfbundle; includeInIndex = 0; path = GiftersClubUITests.xctest; sourceTree = BUILT_PRODUCTS_DIR; };
		92529A3F9D1009EE83EB362D /* Pods-GiftersClub.release.xcconfig */ = {isa = PBXFileReference; includeInIndex = 1; lastKnownFileType = text.xcconfig; name = "Pods-GiftersClub.release.xcconfig"; path = "Target Support Files/Pods-GiftersClub/Pods-GiftersClub.release.xcconfig"; sourceTree = "<group>"; };
		93698F4F6A9CD5BD3903BC18 /* Pods_GiftersClubUITests.framework */ = {isa = PBXFileReference; explicitFileType = wrapper.framework; includeInIndex = 0; path = Pods_GiftersClubUITests.framework; sourceTree = BUILT_PRODUCTS_DIR; };
		A9BCB38BED16CD346AAF7995 /* Pods-GiftersClub.debug.xcconfig */ = {isa = PBXFileReference; includeInIndex = 1; lastKnownFileType = text.xcconfig; name = "Pods-GiftersClub.debug.xcconfig"; path = "Target Support Files/Pods-GiftersClub/Pods-GiftersClub.debug.xcconfig"; sourceTree = "<group>"; };
		B758F558E913F78F2A8F777D /* Pods-GiftersClubTests.release.xcconfig */ = {isa = PBXFileReference; includeInIndex = 1; lastKnownFileType = text.xcconfig; name = "Pods-GiftersClubTests.release.xcconfig"; path = "Target Support Files/Pods-GiftersClubTests/Pods-GiftersClubTests.release.xcconfig"; sourceTree = "<group>"; };
		CEA8D430E4396FFE22FD3CBE /* Pods_GiftersClubTests.framework */ = {isa = PBXFileReference; explicitFileType = wrapper.framework; includeInIndex = 0; path = Pods_GiftersClubTests.framework; sourceTree = BUILT_PRODUCTS_DIR; };
/* End PBXFileReference section */

/* Begin PBXFileSystemSynchronizedRootGroup section */
		905EEEE82E467EFA0073CC52 /* GiftersClub */ = {
			isa = PBXFileSystemSynchronizedRootGroup;
			exceptions = (
			);
			path = GiftersClub;
			sourceTree = "<group>";
		};
		905EEEF62E467EFB0073CC52 /* GiftersClubTests */ = {
			isa = PBXFileSystemSynchronizedRootGroup;
			exceptions = (
			);
			path = GiftersClubTests;
			sourceTree = "<group>";
		};
		905EEF002E467EFB0073CC52 /* GiftersClubUITests */ = {
			isa = PBXFileSystemSynchronizedRootGroup;
			exceptions = (
			);
			path = GiftersClubUITests;
			sourceTree = "<group>";
		};
/* End PBXFileSystemSynchronizedRootGroup section */

/* Begin PBXFrameworksBuildPhase section */
		905EEEE32E467EFA0073CC52 /* Frameworks */ = {
			isa = PBXFrameworksBuildPhase;
			buildActionMask = 2147483647;
			files = (
				905EEF222E4686430073CC52 /* PostgREST in Frameworks */,
				905EEF202E4686430073CC52 /* Functions in Frameworks */,
				905EEF282E4686430073CC52 /* Supabase in Frameworks */,
				905EEF1E2E4686430073CC52 /* Auth in Frameworks */,
				905EEF262E4686430073CC52 /* Storage in Frameworks */,
				905EEF242E4686430073CC52 /* Realtime in Frameworks */,
				B925AFE8679D6B59B9C8C1D3 /* Pods_GiftersClub.framework in Frameworks */,
			);
			runOnlyForDeploymentPostprocessing = 0;
		};
		905EEEF02E467EFB0073CC52 /* Frameworks */ = {
			isa = PBXFrameworksBuildPhase;
			buildActionMask = 2147483647;
			files = (
				F727509B41C7F2E9C873367A /* Pods_GiftersClubTests.framework in Frameworks */,
			);
			runOnlyForDeploymentPostprocessing = 0;
		};
		905EEEFA2E467EFB0073CC52 /* Frameworks */ = {
			isa = PBXFrameworksBuildPhase;
			buildActionMask = 2147483647;
			files = (
				473F9798E44285E28093982B /* Pods_GiftersClubUITests.framework in Frameworks */,
			);
			runOnlyForDeploymentPostprocessing = 0;
		};
/* End PBXFrameworksBuildPhase section */

/* Begin PBXGroup section */
		905EEEDD2E467EFA0073CC52 = {
			isa = PBXGroup;
			children = (
				905EEEE82E467EFA0073CC52 /* GiftersClub */,
				905EEEF62E467EFB0073CC52 /* GiftersClubTests */,
				905EEF002E467EFB0073CC52 /* GiftersClubUITests */,
				905EEEE72E467EFA0073CC52 /* Products */,
				AC4A6865E3ED41F0CFD5A925 /* Pods */,
				FBB2EAD2E59857805350A2A6 /* Frameworks */,
			);
			sourceTree = "<group>";
		};
		905EEEE72E467EFA0073CC52 /* Products */ = {
			isa = PBXGroup;
			children = (
				905EEEE62E467EFA0073CC52 /* GiftersClub.app */,
				905EEEF32E467EFB0073CC52 /* GiftersClubTests.xctest */,
				905EEEFD2E467EFB0073CC52 /* GiftersClubUITests.xctest */,
			);
			name = Products;
			sourceTree = "<group>";
		};
		AC4A6865E3ED41F0CFD5A925 /* Pods */ = {
			isa = PBXGroup;
			children = (
				A9BCB38BED16CD346AAF7995 /* Pods-GiftersClub.debug.xcconfig */,
				92529A3F9D1009EE83EB362D /* Pods-GiftersClub.release.xcconfig */,
				831CD1463D033689A2BA8BF6 /* Pods-GiftersClubTests.debug.xcconfig */,
				B758F558E913F78F2A8F777D /* Pods-GiftersClubTests.release.xcconfig */,
				6420BEE5584E297E1ECA9555 /* Pods-GiftersClubUITests.debug.xcconfig */,
				0261B6213CFC3F9E7EAEA2AF /* Pods-GiftersClubUITests.release.xcconfig */,
			);
			name = Pods;
			path = Pods;
			sourceTree = "<group>";
		};
		FBB2EAD2E59857805350A2A6 /* Frameworks */ = {
			isa = PBXGroup;
			children = (
				8F7A25D702BADCD3EDEBDFC7 /* Pods_GiftersClub.framework */,
				CEA8D430E4396FFE22FD3CBE /* Pods_GiftersClubTests.framework */,
				93698F4F6A9CD5BD3903BC18 /* Pods_GiftersClubUITests.framework */,
			);
			name = Frameworks;
			sourceTree = "<group>";
		};
/* End PBXGroup section */

/* Begin PBXNativeTarget section */
		905EEEE52E467EFA0073CC52 /* GiftersClub */ = {
			isa = PBXNativeTarget;
			buildConfigurationList = 905EEF072E467EFB0073CC52 /* Build configuration list for PBXNativeTarget "GiftersClub" */;
			buildPhases = (
				52221B9D3B8FC95DC70385AB /* [CP] Check Pods Manifest.lock */,
				905EEEE22E467EFA0073CC52 /* Sources */,
				905EEEE32E467EFA0073CC52 /* Frameworks */,
				905EEEE42E467EFA0073CC52 /* Resources */,
				F0BC4283BEA936287ABDB2F7 /* [CP] Copy Pods Resources */,
			);
			buildRules = (
			);
			dependencies = (
			);
			fileSystemSynchronizedGroups = (
				905EEEE82E467EFA0073CC52 /* GiftersClub */,
			);
			name = GiftersClub;
			packageProductDependencies = (
				905EEF1D2E4686430073CC52 /* Auth */,
				905EEF1F2E4686430073CC52 /* Functions */,
				905EEF212E4686430073CC52 /* PostgREST */,
				905EEF232E4686430073CC52 /* Realtime */,
				905EEF252E4686430073CC52 /* Storage */,
				905EEF272E4686430073CC52 /* Supabase */,
			);
			productName = GiftersClub;
			productReference = 905EEEE62E467EFA0073CC52 /* GiftersClub.app */;
			productType = "com.apple.product-type.application";
		};
		905EEEF22E467EFB0073CC52 /* GiftersClubTests */ = {
			isa = PBXNativeTarget;
			buildConfigurationList = 905EEF0A2E467EFB0073CC52 /* Build configuration list for PBXNativeTarget "GiftersClubTests" */;
			buildPhases = (
				BE6F0C62C7B4436055DF379A /* [CP] Check Pods Manifest.lock */,
				905EEEEF2E467EFB0073CC52 /* Sources */,
				905EEEF02E467EFB0073CC52 /* Frameworks */,
				905EEEF12E467EFB0073CC52 /* Resources */,
			);
			buildRules = (
			);
			dependencies = (
				905EEEF52E467EFB0073CC52 /* PBXTargetDependency */,
			);
			fileSystemSynchronizedGroups = (
				905EEEF62E467EFB0073CC52 /* GiftersClubTests */,
			);
			name = GiftersClubTests;
			productName = GiftersClubTests;
			productReference = 905EEEF32E467EFB0073CC52 /* GiftersClubTests.xctest */;
			productType = "com.apple.product-type.bundle.unit-test";
		};
		905EEEFC2E467EFB0073CC52 /* GiftersClubUITests */ = {
			isa = PBXNativeTarget;
			buildConfigurationList = 905EEF0D2E467EFB0073CC52 /* Build configuration list for PBXNativeTarget "GiftersClubUITests" */;
			buildPhases = (
				E608C4D46E6551FA52B3F6C3 /* [CP] Check Pods Manifest.lock */,
				905EEEF92E467EFB0073CC52 /* Sources */,
				905EEEFA2E467EFB0073CC52 /* Frameworks */,
				905EEEFB2E467EFB0073CC52 /* Resources */,
			);
			buildRules = (
			);
			dependencies = (
				905EEEFF2E467EFB0073CC52 /* PBXTargetDependency */,
			);
			fileSystemSynchronizedGroups = (
				905EEF002E467EFB0073CC52 /* GiftersClubUITests */,
			);
			name = GiftersClubUITests;
			productName = GiftersClubUITests;
			productReference = 905EEEFD2E467EFB0073CC52 /* GiftersClubUITests.xctest */;
			productType = "com.apple.product-type.bundle.ui-testing";
		};
/* End PBXNativeTarget section */

/* Begin PBXProject section */
		905EEEDE2E467EFA0073CC52 /* Project object */ = {
			isa = PBXProject;
			attributes = {
				BuildIndependentTargetsInParallel = 1;
				LastSwiftUpdateCheck = 1640;
				LastUpgradeCheck = 1640;
				TargetAttributes = {
					905EEEE52E467EFA0073CC52 = {
						CreatedOnToolsVersion = 16.4;
					};
					905EEEF22E467EFB0073CC52 = {
						CreatedOnToolsVersion = 16.4;
						TestTargetID = 905EEEE52E467EFA0073CC52;
					};
					905EEEFC2E467EFB0073CC52 = {
						CreatedOnToolsVersion = 16.4;
						TestTargetID = 905EEEE52E467EFA0073CC52;
					};
				};
			};
			buildConfigurationList = 905EEEE12E467EFA0073CC52 /* Build configuration list for PBXProject "GiftersClub" */;
			developmentRegion = en;
			hasScannedForEncodings = 0;
			knownRegions = (
				en,
				Base,
			);
			mainGroup = 905EEEDD2E467EFA0073CC52;
			minimizedProjectReferenceProxies = 1;
			packageReferences = (
				905EEF1C2E4686430073CC52 /* XCRemoteSwiftPackageReference "supabase-swift" */,
			);
			preferredProjectObjectVersion = 77;
			productRefGroup = 905EEEE72E467EFA0073CC52 /* Products */;
			projectDirPath = "";
			projectRoot = "";
			targets = (
				905EEEE52E467EFA0073CC52 /* GiftersClub */,
				905EEEF22E467EFB0073CC52 /* GiftersClubTests */,
				905EEEFC2E467EFB0073CC52 /* GiftersClubUITests */,
			);
		};
/* End PBXProject section */

/* Begin PBXResourcesBuildPhase section */
		905EEEE42E467EFA0073CC52 /* Resources */ = {
			isa = PBXResourcesBuildPhase;
			buildActionMask = 2147483647;
			files = (
			);
			runOnlyForDeploymentPostprocessing = 0;
		};
		905EEEF12E467EFB0073CC52 /* Resources */ = {
			isa = PBXResourcesBuildPhase;
			buildActionMask = 2147483647;
			files = (
			);
			runOnlyForDeploymentPostprocessing = 0;
		};
		905EEEFB2E467EFB0073CC52 /* Resources */ = {
			isa = PBXResourcesBuildPhase;
			buildActionMask = 2147483647;
			files = (
			);
			runOnlyForDeploymentPostprocessing = 0;
		};
/* End PBXResourcesBuildPhase section */

/* Begin PBXShellScriptBuildPhase section */
		52221B9D3B8FC95DC70385AB /* [CP] Check Pods Manifest.lock */ = {
			isa = PBXShellScriptBuildPhase;
			buildActionMask = 2147483647;
			files = (
			);
			inputFileListPaths = (
			);
			inputPaths = (
				"${PODS_PODFILE_DIR_PATH}/Podfile.lock",
				"${PODS_ROOT}/Manifest.lock",
			);
			name = "[CP] Check Pods Manifest.lock";
			outputFileListPaths = (
			);
			outputPaths = (
				"$(DERIVED_FILE_DIR)/Pods-GiftersClub-checkManifestLockResult.txt",
			);
			runOnlyForDeploymentPostprocessing = 0;
			shellPath = /bin/sh;
			shellScript = "diff \"${PODS_PODFILE_DIR_PATH}/Podfile.lock\" \"${PODS_ROOT}/Manifest.lock\" > /dev/null\nif [ $? != 0 ] ; then\n    # print error to STDERR\n    echo \"error: The sandbox is not in sync with the Podfile.lock. Run 'pod install' or update your CocoaPods installation.\" >&2\n    exit 1\nfi\n# This output is used by Xcode 'outputs' to avoid re-running this script phase.\necho \"SUCCESS\" > \"${SCRIPT_OUTPUT_FILE_0}\"\n";
			showEnvVarsInLog = 0;
		};
		BE6F0C62C7B4436055DF379A /* [CP] Check Pods Manifest.lock */ = {
			isa = PBXShellScriptBuildPhase;
			buildActionMask = 2147483647;
			files = (
			);
			inputFileListPaths = (
			);
			inputPaths = (
				"${PODS_PODFILE_DIR_PATH}/Podfile.lock",
				"${PODS_ROOT}/Manifest.lock",
			);
			name = "[CP] Check Pods Manifest.lock";
			outputFileListPaths = (
			);
			outputPaths = (
				"$(DERIVED_FILE_DIR)/Pods-GiftersClubTests-checkManifestLockResult.txt",
			);
			runOnlyForDeploymentPostprocessing = 0;
			shellPath = /bin/sh;
			shellScript = "diff \"${PODS_PODFILE_DIR_PATH}/Podfile.lock\" \"${PODS_ROOT}/Manifest.lock\" > /dev/null\nif [ $? != 0 ] ; then\n    # print error to STDERR\n    echo \"error: The sandbox is not in sync with the Podfile.lock. Run 'pod install' or update your CocoaPods installation.\" >&2\n    exit 1\nfi\n# This output is used by Xcode 'outputs' to avoid re-running this script phase.\necho \"SUCCESS\" > \"${SCRIPT_OUTPUT_FILE_0}\"\n";
			showEnvVarsInLog = 0;
		};
		E608C4D46E6551FA52B3F6C3 /* [CP] Check Pods Manifest.lock */ = {
			isa = PBXShellScriptBuildPhase;
			buildActionMask = 2147483647;
			files = (
			);
			inputFileListPaths = (
			);
			inputPaths = (
				"${PODS_PODFILE_DIR_PATH}/Podfile.lock",
				"${PODS_ROOT}/Manifest.lock",
			);
			name = "[CP] Check Pods Manifest.lock";
			outputFileListPaths = (
			);
			outputPaths = (
				"$(DERIVED_FILE_DIR)/Pods-GiftersClubUITests-checkManifestLockResult.txt",
			);
			runOnlyForDeploymentPostprocessing = 0;
			shellPath = /bin/sh;
			shellScript = "diff \"${PODS_PODFILE_DIR_PATH}/Podfile.lock\" \"${PODS_ROOT}/Manifest.lock\" > /dev/null\nif [ $? != 0 ] ; then\n    # print error to STDERR\n    echo \"error: The sandbox is not in sync with the Podfile.lock. Run 'pod install' or update your CocoaPods installation.\" >&2\n    exit 1\nfi\n# This output is used by Xcode 'outputs' to avoid re-running this script phase.\necho \"SUCCESS\" > \"${SCRIPT_OUTPUT_FILE_0}\"\n";
			showEnvVarsInLog = 0;
		};
		F0BC4283BEA936287ABDB2F7 /* [CP] Copy Pods Resources */ = {
			isa = PBXShellScriptBuildPhase;
			buildActionMask = 2147483647;
			files = (
			);
			inputFileListPaths = (
				"${PODS_ROOT}/Target Support Files/Pods-GiftersClub/Pods-GiftersClub-resources-${CONFIGURATION}-input-files.xcfilelist",
			);
			name = "[CP] Copy Pods Resources";
			outputFileListPaths = (
				"${PODS_ROOT}/Target Support Files/Pods-GiftersClub/Pods-GiftersClub-resources-${CONFIGURATION}-output-files.xcfilelist",
			);
			runOnlyForDeploymentPostprocessing = 0;
			shellPath = /bin/sh;
			shellScript = "\"${PODS_ROOT}/Target Support Files/Pods-GiftersClub/Pods-GiftersClub-resources.sh\"\n";
			showEnvVarsInLog = 0;
		};
/* End PBXShellScriptBuildPhase section */

/* Begin PBXSourcesBuildPhase section */
		905EEEE22E467EFA0073CC52 /* Sources */ = {
			isa = PBXSourcesBuildPhase;
			buildActionMask = 2147483647;
			files = (
			);
			runOnlyForDeploymentPostprocessing = 0;
		};
		905EEEEF2E467EFB0073CC52 /* Sources */ = {
			isa = PBXSourcesBuildPhase;
			buildActionMask = 2147483647;
			files = (
			);
			runOnlyForDeploymentPostprocessing = 0;
		};
		905EEEF92E467EFB0073CC52 /* Sources */ = {
			isa = PBXSourcesBuildPhase;
			buildActionMask = 2147483647;
			files = (
			);
			runOnlyForDeploymentPostprocessing = 0;
		};
/* End PBXSourcesBuildPhase section */

/* Begin PBXTargetDependency section */
		905EEEF52E467EFB0073CC52 /* PBXTargetDependency */ = {
			isa = PBXTargetDependency;
			target = 905EEEE52E467EFA0073CC52 /* GiftersClub */;
			targetProxy = 905EEEF42E467EFB0073CC52 /* PBXContainerItemProxy */;
		};
		905EEEFF2E467EFB0073CC52 /* PBXTargetDependency */ = {
			isa = PBXTargetDependency;
			target = 905EEEE52E467EFA0073CC52 /* GiftersClub */;
			targetProxy = 905EEEFE2E467EFB0073CC52 /* PBXContainerItemProxy */;
		};
/* End PBXTargetDependency section */

/* Begin XCBuildConfiguration section */
		905EEF052E467EFB0073CC52 /* Debug */ = {
			isa = XCBuildConfiguration;
			buildSettings = {
				ALWAYS_SEARCH_USER_PATHS = NO;
				ASSETCATALOG_COMPILER_GENERATE_SWIFT_ASSET_SYMBOL_EXTENSIONS = YES;
				CLANG_ANALYZER_NONNULL = YES;
				CLANG_ANALYZER_NUMBER_OBJECT_CONVERSION = YES_AGGRESSIVE;
				CLANG_CXX_LANGUAGE_STANDARD = "gnu++20";
				CLANG_ENABLE_MODULES = YES;
				CLANG_ENABLE_OBJC_ARC = YES;
				CLANG_ENABLE_OBJC_WEAK = YES;
				CLANG_WARN_BLOCK_CAPTURE_AUTORELEASING = YES;
				CLANG_WARN_BOOL_CONVERSION = YES;
				CLANG_WARN_COMMA = YES;
				CLANG_WARN_CONSTANT_CONVERSION = YES;
				CLANG_WARN_DEPRECATED_OBJC_IMPLEMENTATIONS = YES;
				CLANG_WARN_DIRECT_OBJC_ISA_USAGE = YES_ERROR;
				CLANG_WARN_DOCUMENTATION_COMMENTS = YES;
				CLANG_WARN_EMPTY_BODY = YES;
				CLANG_WARN_ENUM_CONVERSION = YES;
				CLANG_WARN_INFINITE_RECURSION = YES;
				CLANG_WARN_INT_CONVERSION = YES;
				CLANG_WARN_NON_LITERAL_NULL_CONVERSION = YES;
				CLANG_WARN_OBJC_IMPLICIT_RETAIN_SELF = YES;
				CLANG_WARN_OBJC_LITERAL_CONVERSION = YES;
				CLANG_WARN_OBJC_ROOT_CLASS = YES_ERROR;
				CLANG_WARN_QUOTED_INCLUDE_IN_FRAMEWORK_HEADER = YES;
				CLANG_WARN_RANGE_LOOP_ANALYSIS = YES;
				CLANG_WARN_STRICT_PROTOTYPES = YES;
				CLANG_WARN_SUSPICIOUS_MOVE = YES;
				CLANG_WARN_UNGUARDED_AVAILABILITY = YES_AGGRESSIVE;
				CLANG_WARN_UNREACHABLE_CODE = YES;
				CLANG_WARN__DUPLICATE_METHOD_MATCH = YES;
				COPY_PHASE_STRIP = NO;
				DEBUG_INFORMATION_FORMAT = dwarf;
				ENABLE_STRICT_OBJC_MSGSEND = YES;
				ENABLE_TESTABILITY = YES;
				ENABLE_USER_SCRIPT_SANDBOXING = YES;
				GCC_C_LANGUAGE_STANDARD = gnu17;
				GCC_DYNAMIC_NO_PIC = NO;
				GCC_NO_COMMON_BLOCKS = YES;
				GCC_OPTIMIZATION_LEVEL = 0;
				GCC_PREPROCESSOR_DEFINITIONS = (
					"DEBUG=1",
					"$(inherited)",
				);
				GCC_WARN_64_TO_32_BIT_CONVERSION = YES;
				GCC_WARN_ABOUT_RETURN_TYPE = YES_ERROR;
				GCC_WARN_UNDECLARED_SELECTOR = YES;
				GCC_WARN_UNINITIALIZED_AUTOS = YES_AGGRESSIVE;
				GCC_WARN_UNUSED_FUNCTION = YES;
				GCC_WARN_UNUSED_VARIABLE = YES;
				IPHONEOS_DEPLOYMENT_TARGET = 18.5;
				LOCALIZATION_PREFERS_STRING_CATALOGS = YES;
				MTL_ENABLE_DEBUG_INFO = INCLUDE_SOURCE;
				MTL_FAST_MATH = YES;
				ONLY_ACTIVE_ARCH = YES;
				SDKROOT = iphoneos;
				SWIFT_ACTIVE_COMPILATION_CONDITIONS = "DEBUG $(inherited)";
				SWIFT_OPTIMIZATION_LEVEL = "-Onone";
			};
			name = Debug;
		};
		905EEF062E467EFB0073CC52 /* Release */ = {
			isa = XCBuildConfiguration;
			buildSettings = {
				ALWAYS_SEARCH_USER_PATHS = NO;
				ASSETCATALOG_COMPILER_GENERATE_SWIFT_ASSET_SYMBOL_EXTENSIONS = YES;
				CLANG_ANALYZER_NONNULL = YES;
				CLANG_ANALYZER_NUMBER_OBJECT_CONVERSION = YES_AGGRESSIVE;
				CLANG_CXX_LANGUAGE_STANDARD = "gnu++20";
				CLANG_ENABLE_MODULES = YES;
				CLANG_ENABLE_OBJC_ARC = YES;
				CLANG_ENABLE_OBJC_WEAK = YES;
				CLANG_WARN_BLOCK_CAPTURE_AUTORELEASING = YES;
				CLANG_WARN_BOOL_CONVERSION = YES;
				CLANG_WARN_COMMA = YES;
				CLANG_WARN_CONSTANT_CONVERSION = YES;
				CLANG_WARN_DEPRECATED_OBJC_IMPLEMENTATIONS = YES;
				CLANG_WARN_DIRECT_OBJC_ISA_USAGE = YES_ERROR;
				CLANG_WARN_DOCUMENTATION_COMMENTS = YES;
				CLANG_WARN_EMPTY_BODY = YES;
				CLANG_WARN_ENUM_CONVERSION = YES;
				CLANG_WARN_INFINITE_RECURSION = YES;
				CLANG_WARN_INT_CONVERSION = YES;
				CLANG_WARN_NON_LITERAL_NULL_CONVERSION = YES;
				CLANG_WARN_OBJC_IMPLICIT_RETAIN_SELF = YES;
				CLANG_WARN_OBJC_LITERAL_CONVERSION = YES;
				CLANG_WARN_OBJC_ROOT_CLASS = YES_ERROR;
				CLANG_WARN_QUOTED_INCLUDE_IN_FRAMEWORK_HEADER = YES;
				CLANG_WARN_RANGE_LOOP_ANALYSIS = YES;
				CLANG_WARN_STRICT_PROTOTYPES = YES;
				CLANG_WARN_SUSPICIOUS_MOVE = YES;
				CLANG_WARN_UNGUARDED_AVAILABILITY = YES_AGGRESSIVE;
				CLANG_WARN_UNREACHABLE_CODE = YES;
				CLANG_WARN__DUPLICATE_METHOD_MATCH = YES;
				COPY_PHASE_STRIP = NO;
				DEBUG_INFORMATION_FORMAT = "dwarf-with-dsym";
				ENABLE_NS_ASSERTIONS = NO;
				ENABLE_STRICT_OBJC_MSGSEND = YES;
				ENABLE_USER_SCRIPT_SANDBOXING = YES;
				GCC_C_LANGUAGE_STANDARD = gnu17;
				GCC_NO_COMMON_BLOCKS = YES;
				GCC_WARN_64_TO_32_BIT_CONVERSION = YES;
				GCC_WARN_ABOUT_RETURN_TYPE = YES_ERROR;
				GCC_WARN_UNDECLARED_SELECTOR = YES;
				GCC_WARN_UNINITIALIZED_AUTOS = YES_AGGRESSIVE;
				GCC_WARN_UNUSED_FUNCTION = YES;
				GCC_WARN_UNUSED_VARIABLE = YES;
				IPHONEOS_DEPLOYMENT_TARGET = 18.5;
				LOCALIZATION_PREFERS_STRING_CATALOGS = YES;
				MTL_ENABLE_DEBUG_INFO = NO;
				MTL_FAST_MATH = YES;
				SDKROOT = iphoneos;
				SWIFT_COMPILATION_MODE = wholemodule;
				VALIDATE_PRODUCT = YES;
			};
			name = Release;
		};
		905EEF082E467EFB0073CC52 /* Debug */ = {
			isa = XCBuildConfiguration;
			baseConfigurationReference = A9BCB38BED16CD346AAF7995 /* Pods-GiftersClub.debug.xcconfig */;
			buildSettings = {
				ASSETCATALOG_COMPILER_APPICON_NAME = AppIcon;
				"ASSETCATALOG_COMPILER_APPICON_NAME[sdk=iphoneos*]" = AppIcon;
				ASSETCATALOG_COMPILER_GLOBAL_ACCENT_COLOR_NAME = AccentColor;
				ASSETCATALOG_COMPILER_INCLUDE_ALL_APPICON_ASSETS = NO;
				CODE_SIGN_STYLE = Automatic;
				CURRENT_PROJECT_VERSION = 1;
				ENABLE_PREVIEWS = YES;
				GENERATE_INFOPLIST_FILE = YES;
				INFOPLIST_KEY_CFBundleDisplayName = "Gifters Club";
				INFOPLIST_KEY_LSApplicationCategoryType = "public.app-category.social-networking";
				INFOPLIST_KEY_NSCameraUsageDescription = "We use the camera to capture photos and videos for your posts.";
				INFOPLIST_KEY_NSMicrophoneUsageDescription = "We use the microphone to record audio when capturing video posts.";
				INFOPLIST_KEY_NSPhotoLibraryAddUsageDescription = "We save captured photos or videos to your library if you choose to.";
				INFOPLIST_KEY_NSPhotoLibraryUsageDescription = "We need access to your photo library to select photos and videos for posts.";
				INFOPLIST_KEY_UIApplicationSceneManifest_Generation = YES;
				INFOPLIST_KEY_UIApplicationSupportsIndirectInputEvents = YES;
				INFOPLIST_KEY_UILaunchScreen_Generation = YES;
				INFOPLIST_KEY_UISupportedInterfaceOrientations_iPad = "UIInterfaceOrientationPortrait UIInterfaceOrientationPortraitUpsideDown UIInterfaceOrientationLandscapeLeft UIInterfaceOrientationLandscapeRight";
				INFOPLIST_KEY_UISupportedInterfaceOrientations_iPhone = "UIInterfaceOrientationPortrait UIInterfaceOrientationLandscapeLeft UIInterfaceOrientationLandscapeRight";
				LD_RUNPATH_SEARCH_PATHS = (
					"$(inherited)",
					"@executable_path/Frameworks",
				);
				MARKETING_VERSION = 1.0;
				PRODUCT_BUNDLE_IDENTIFIER = club.gifters.giftersclub.GiftersClub;
				PRODUCT_NAME = "$(TARGET_NAME)";
				SWIFT_EMIT_LOC_STRINGS = YES;
				SWIFT_VERSION = 5.0;
				TARGETED_DEVICE_FAMILY = "1,2";
			};
			name = Debug;
		};
		905EEF092E467EFB0073CC52 /* Release */ = {
			isa = XCBuildConfiguration;
			baseConfigurationReference = 92529A3F9D1009EE83EB362D /* Pods-GiftersClub.release.xcconfig */;
			buildSettings = {
				ASSETCATALOG_COMPILER_APPICON_NAME = AppIcon;
				"ASSETCATALOG_COMPILER_APPICON_NAME[sdk=iphoneos*]" = AppIcon;
				ASSETCATALOG_COMPILER_GLOBAL_ACCENT_COLOR_NAME = AccentColor;
				ASSETCATALOG_COMPILER_INCLUDE_ALL_APPICON_ASSETS = NO;
				CODE_SIGN_STYLE = Automatic;
				CURRENT_PROJECT_VERSION = 1;
				ENABLE_PREVIEWS = YES;
				GENERATE_INFOPLIST_FILE = YES;
				INFOPLIST_KEY_CFBundleDisplayName = "Gifters Club";
				INFOPLIST_KEY_LSApplicationCategoryType = "public.app-category.social-networking";
				INFOPLIST_KEY_NSCameraUsageDescription = "We use the camera to capture photos and videos for your posts.";
				INFOPLIST_KEY_NSMicrophoneUsageDescription = "We use the microphone to record audio when capturing video posts.";
				INFOPLIST_KEY_NSPhotoLibraryAddUsageDescription = "We save captured photos or videos to your library if you choose to.";
				INFOPLIST_KEY_NSPhotoLibraryUsageDescription = "We need access to your photo library to select photos and videos for posts.";
				INFOPLIST_KEY_UIApplicationSceneManifest_Generation = YES;
				INFOPLIST_KEY_UIApplicationSupportsIndirectInputEvents = YES;
				INFOPLIST_KEY_UILaunchScreen_Generation = YES;
				INFOPLIST_KEY_UISupportedInterfaceOrientations_iPad = "UIInterfaceOrientationPortrait UIInterfaceOrientationPortraitUpsideDown UIInterfaceOrientationLandscapeLeft UIInterfaceOrientationLandscapeRight";
				INFOPLIST_KEY_UISupportedInterfaceOrientations_iPhone = "UIInterfaceOrientationPortrait UIInterfaceOrientationLandscapeLeft UIInterfaceOrientationLandscapeRight";
				LD_RUNPATH_SEARCH_PATHS = (
					"$(inherited)",
					"@executable_path/Frameworks",
				);
				MARKETING_VERSION = 1.0;
				PRODUCT_BUNDLE_IDENTIFIER = club.gifters.giftersclub.GiftersClub;
				PRODUCT_NAME = "$(TARGET_NAME)";
				SWIFT_EMIT_LOC_STRINGS = YES;
				SWIFT_VERSION = 5.0;
				TARGETED_DEVICE_FAMILY = "1,2";
			};
			name = Release;
		};
		905EEF0B2E467EFB0073CC52 /* Debug */ = {
			isa = XCBuildConfiguration;
			baseConfigurationReference = 831CD1463D033689A2BA8BF6 /* Pods-GiftersClubTests.debug.xcconfig */;
			buildSettings = {
				BUNDLE_LOADER = "$(TEST_HOST)";
				CODE_SIGN_STYLE = Automatic;
				CURRENT_PROJECT_VERSION = 1;
				GENERATE_INFOPLIST_FILE = YES;
				IPHONEOS_DEPLOYMENT_TARGET = 18.5;
				MARKETING_VERSION = 1.0;
				PRODUCT_BUNDLE_IDENTIFIER = club.gifters.giftersclub.GiftersClubTests;
				PRODUCT_NAME = "$(TARGET_NAME)";
				SWIFT_EMIT_LOC_STRINGS = NO;
				SWIFT_VERSION = 5.0;
				TARGETED_DEVICE_FAMILY = "1,2";
				TEST_HOST = "$(BUILT_PRODUCTS_DIR)/GiftersClub.app/$(BUNDLE_EXECUTABLE_FOLDER_PATH)/GiftersClub";
			};
			name = Debug;
		};
		905EEF0C2E467EFB0073CC52 /* Release */ = {
			isa = XCBuildConfiguration;
			baseConfigurationReference = B758F558E913F78F2A8F777D /* Pods-GiftersClubTests.release.xcconfig */;
			buildSettings = {
				BUNDLE_LOADER = "$(TEST_HOST)";
				CODE_SIGN_STYLE = Automatic;
				CURRENT_PROJECT_VERSION = 1;
				GENERATE_INFOPLIST_FILE = YES;
				IPHONEOS_DEPLOYMENT_TARGET = 18.5;
				MARKETING_VERSION = 1.0;
				PRODUCT_BUNDLE_IDENTIFIER = club.gifters.giftersclub.GiftersClubTests;
				PRODUCT_NAME = "$(TARGET_NAME)";
				SWIFT_EMIT_LOC_STRINGS = NO;
				SWIFT_VERSION = 5.0;
				TARGETED_DEVICE_FAMILY = "1,2";
				TEST_HOST = "$(BUILT_PRODUCTS_DIR)/GiftersClub.app/$(BUNDLE_EXECUTABLE_FOLDER_PATH)/GiftersClub";
			};
			name = Release;
		};
		905EEF0E2E467EFB0073CC52 /* Debug */ = {
			isa = XCBuildConfiguration;
			baseConfigurationReference = 6420BEE5584E297E1ECA9555 /* Pods-GiftersClubUITests.debug.xcconfig */;
			buildSettings = {
				CODE_SIGN_STYLE = Automatic;
				CURRENT_PROJECT_VERSION = 1;
				GENERATE_INFOPLIST_FILE = YES;
				MARKETING_VERSION = 1.0;
				PRODUCT_BUNDLE_IDENTIFIER = club.gifters.giftersclub.GiftersClubUITests;
				PRODUCT_NAME = "$(TARGET_NAME)";
				SWIFT_EMIT_LOC_STRINGS = NO;
				SWIFT_VERSION = 5.0;
				TARGETED_DEVICE_FAMILY = "1,2";
				TEST_TARGET_NAME = GiftersClub;
			};
			name = Debug;
		};
		905EEF0F2E467EFB0073CC52 /* Release */ = {
			isa = XCBuildConfiguration;
			baseConfigurationReference = 0261B6213CFC3F9E7EAEA2AF /* Pods-GiftersClubUITests.release.xcconfig */;
			buildSettings = {
				CODE_SIGN_STYLE = Automatic;
				CURRENT_PROJECT_VERSION = 1;
				GENERATE_INFOPLIST_FILE = YES;
				MARKETING_VERSION = 1.0;
				PRODUCT_BUNDLE_IDENTIFIER = club.gifters.giftersclub.GiftersClubUITests;
				PRODUCT_NAME = "$(TARGET_NAME)";
				SWIFT_EMIT_LOC_STRINGS = NO;
				SWIFT_VERSION = 5.0;
				TARGETED_DEVICE_FAMILY = "1,2";
				TEST_TARGET_NAME = GiftersClub;
			};
			name = Release;
		};
/* End XCBuildConfiguration section */

/* Begin XCConfigurationList section */
		905EEEE12E467EFA0073CC52 /* Build configuration list for PBXProject "GiftersClub" */ = {
			isa = XCConfigurationList;
			buildConfigurations = (
				905EEF052E467EFB0073CC52 /* Debug */,
				905EEF062E467EFB0073CC52 /* Release */,
			);
			defaultConfigurationIsVisible = 0;
			defaultConfigurationName = Release;
		};
		905EEF072E467EFB0073CC52 /* Build configuration list for PBXNativeTarget "GiftersClub" */ = {
			isa = XCConfigurationList;
			buildConfigurations = (
				905EEF082E467EFB0073CC52 /* Debug */,
				905EEF092E467EFB0073CC52 /* Release */,
			);
			defaultConfigurationIsVisible = 0;
			defaultConfigurationName = Release;
		};
		905EEF0A2E467EFB0073CC52 /* Build configuration list for PBXNativeTarget "GiftersClubTests" */ = {
			isa = XCConfigurationList;
			buildConfigurations = (
				905EEF0B2E467EFB0073CC52 /* Debug */,
				905EEF0C2E467EFB0073CC52 /* Release */,
			);
			defaultConfigurationIsVisible = 0;
			defaultConfigurationName = Release;
		};
		905EEF0D2E467EFB0073CC52 /* Build configuration list for PBXNativeTarget "GiftersClubUITests" */ = {
			isa = XCConfigurationList;
			buildConfigurations = (
				905EEF0E2E467EFB0073CC52 /* Debug */,
				905EEF0F2E467EFB0073CC52 /* Release */,
			);
			defaultConfigurationIsVisible = 0;
			defaultConfigurationName = Release;
		};
/* End XCConfigurationList section */

/* Begin XCRemoteSwiftPackageReference section */
		905EEF1C2E4686430073CC52 /* XCRemoteSwiftPackageReference "supabase-swift" */ = {
			isa = XCRemoteSwiftPackageReference;
			repositoryURL = "https://github.com/supabase-community/supabase-swift";
			requirement = {
				kind = upToNextMajorVersion;
				minimumVersion = 2.5.1;
			};
		};
/* End XCRemoteSwiftPackageReference section */

/* Begin XCSwiftPackageProductDependency section */
		905EEF1D2E4686430073CC52 /* Auth */ = {
			isa = XCSwiftPackageProductDependency;
			package = 905EEF1C2E4686430073CC52 /* XCRemoteSwiftPackageReference "supabase-swift" */;
			productName = Auth;
		};
		905EEF1F2E4686430073CC52 /* Functions */ = {
			isa = XCSwiftPackageProductDependency;
			package = 905EEF1C2E4686430073CC52 /* XCRemoteSwiftPackageReference "supabase-swift" */;
			productName = Functions;
		};
		905EEF212E4686430073CC52 /* PostgREST */ = {
			isa = XCSwiftPackageProductDependency;
			package = 905EEF1C2E4686430073CC52 /* XCRemoteSwiftPackageReference "supabase-swift" */;
			productName = PostgREST;
		};
		905EEF232E4686430073CC52 /* Realtime */ = {
			isa = XCSwiftPackageProductDependency;
			package = 905EEF1C2E4686430073CC52 /* XCRemoteSwiftPackageReference "supabase-swift" */;
			productName = Realtime;
		};
		905EEF252E4686430073CC52 /* Storage */ = {
			isa = XCSwiftPackageProductDependency;
			package = 905EEF1C2E4686430073CC52 /* XCRemoteSwiftPackageReference "supabase-swift" */;
			productName = Storage;
		};
		905EEF272E4686430073CC52 /* Supabase */ = {
			isa = XCSwiftPackageProductDependency;
			package = 905EEF1C2E4686430073CC52 /* XCRemoteSwiftPackageReference "supabase-swift" */;
			productName = Supabase;
		};
/* End XCSwiftPackageProductDependency section */
	};
	rootObject = 905EEEDE2E467EFA0073CC52 /* Project object */;
}
